{
  "name": "Fable.YALPS",
  "lockfileVersion": 2,
  "requires": true,
  "packages": {
    "": {
      "hasInstallScript": true,
      "dependencies": {
        "yalps": "^0.2.0"
      }
    },
    "node_modules/heap": {
      "version": "0.2.7",
      "resolved": "https://registry.npmjs.org/heap/-/heap-0.2.7.tgz",
      "integrity": "sha512-2bsegYkkHO+h/9MGbn6KWcE45cHZgPANo5LXF7EvWdT0yT2EguSVO1nDgU5c8+ZOPwp2vMNa7YFsJhVcDR9Sdg=="
    },
    "node_modules/yalps": {
      "version": "0.2.1",
      "resolved": "https://registry.npmjs.org/yalps/-/yalps-0.2.1.tgz",
      "integrity": "sha512-JVEIFPD6kT1MzVGm4qlsPgKtWxGzIF0BWUDfy4oDmYCFmeQEVv9FaZ4VbQ7ysF83E2kRLRD5UGo1eJ843OdSbw==",
      "dependencies": {
        "heap": "^0.2.7"
      }
    }
  },
  "dependencies": {
    "heap": {
      "version": "0.2.7",
      "resolved": "https://registry.npmjs.org/heap/-/heap-0.2.7.tgz",
      "integrity": "sha512-2bsegYkkHO+h/9MGbn6KWcE45cHZgPANo5LXF7EvWdT0yT2EguSVO1nDgU5c8+ZOPwp2vMNa7YFsJhVcDR9Sdg=="
    },
    "yalps": {
      "version": "0.2.1",
      "resolved": "https://registry.npmjs.org/yalps/-/yalps-0.2.1.tgz",
      "integrity": "sha512-JVEIFPD6kT1MzVGm4qlsPgKtWxGzIF0BWUDfy4oDmYCFmeQEVv9FaZ4VbQ7ysF83E2kRLRD5UGo1eJ843OdSbw==",
      "requires": {
        "heap": "^0.2.7"
      }
    }
  }
}
