lockfileVersion: '6.0'

settings:
  autoInstallPeers: true
  excludeLinksFromLockfile: false

dependencies:
  yalps:
    specifier: ^0.5.6
    version: 0.5.6

packages:

  /heap@0.2.7:
    resolution: {integrity: sha512-2bsegYkkHO+h/9MGbn6KWcE45cHZgPANo5LXF7EvWdT0yT2EguSVO1nDgU5c8+ZOPwp2vMNa7YFsJhVcDR9Sdg==}
    dev: false

  /yalps@0.5.6:
    resolution: {integrity: sha512-pqjmZGtEBAYuTR03G8SWVvR9vAyBBfSKup82CEJRx2Bta5j/1fRT29kwYdL2NaensQ5ugrYGLdHupNsYWPKGQg==}
    dependencies:
      heap: 0.2.7
    dev: false
